
Microsoft Visual Studio Solution File, Format Version 10.00
# Visual Studio 2008
Project("{FAE04EC0-301F-11D3-BF4B-00C04F79EFBC}") = "AeroGlass", "AeroGlass\AeroGlass.csproj", "{58E63A73-3866-4449-848E-F897CBE2CCCA}"
EndProject
Global
	GlobalSection(SolutionConfigurationPlatforms) = preSolution
		Debug|Any CPU = Debug|Any CPU
		Release|Any CPU = Release|Any CPU
	EndGlobalSection
	GlobalSection(ProjectConfigurationPlatforms) = postSolution
		{58E63A73-3866-4449-848E-F897CBE2CCCA}.Debug|Any CPU.ActiveCfg = Debug|Any CPU
		{58E63A73-3866-4449-848E-F897CBE2CCCA}.Debug|Any CPU.Build.0 = Debug|Any CPU
		{58E63A73-3866-4449-848E-F897CBE2CCCA}.Release|Any CPU.ActiveCfg = Release|Any CPU
		{58E63A73-3866-4449-848E-F897CBE2CCCA}.Release|Any CPU.Build.0 = Release|Any CPU
	EndGlobalSection
	GlobalSection(SolutionProperties) = preSolution
		HideSolutionNode = FALSE
	EndGlobalSection
EndGlobal
